
Microsoft Visual Studio Solution File, Format Version 12.00
# Visual Studio Version 16
VisualStudioVersion = 16.0.31025.194
MinimumVisualStudioVersion = 10.0.40219.1
Project("{FAE04EC0-301F-11D3-BF4B-00C04F79EFBC}") = "BankStorePlus", "BankStorePlus\BankStorePlus.csproj", "{5EF04D08-4039-42CA-B5A8-B90E7396335C}"
EndProject
Project("{FAE04EC0-301F-11D3-BF4B-00C04F79EFBC}") = "UnitTest", "UnitTest\UnitTest.csproj", "{57B551CF-D8A5-457D-8CBC-B34A30FE2B0B}"
EndProject
Global
	GlobalSection(SolutionConfigurationPlatforms) = preSolution
		Debug|Any CPU = Debug|Any CPU
		Release|Any CPU = Release|Any CPU
	EndGlobalSection
	GlobalSection(ProjectConfigurationPlatforms) = postSolution
		{5EF04D08-4039-42CA-B5A8-B90E7396335C}.Debug|Any CPU.ActiveCfg = Debug|Any CPU
		{5EF04D08-4039-42CA-B5A8-B90E7396335C}.Debug|Any CPU.Build.0 = Debug|Any CPU
		{5EF04D08-4039-42CA-B5A8-B90E7396335C}.Release|Any CPU.ActiveCfg = Release|Any CPU
		{5EF04D08-4039-42CA-B5A8-B90E7396335C}.Release|Any CPU.Build.0 = Release|Any CPU
		{57B551CF-D8A5-457D-8CBC-B34A30FE2B0B}.Debug|Any CPU.ActiveCfg = Debug|Any CPU
		{57B551CF-D8A5-457D-8CBC-B34A30FE2B0B}.Debug|Any CPU.Build.0 = Debug|Any CPU
		{57B551CF-D8A5-457D-8CBC-B34A30FE2B0B}.Release|Any CPU.ActiveCfg = Release|Any CPU
		{57B551CF-D8A5-457D-8CBC-B34A30FE2B0B}.Release|Any CPU.Build.0 = Release|Any CPU
	EndGlobalSection
	GlobalSection(SolutionProperties) = preSolution
		HideSolutionNode = FALSE
	EndGlobalSection
	GlobalSection(ExtensibilityGlobals) = postSolution
		SolutionGuid = {BB8C3B01-CF71-424E-9B67-5F5C5302DD73}
	EndGlobalSection
EndGlobal
